// !$*UTF8*$!
{
	archiveVersion = 1;
	classes = {
	};
	objectVersion = 50;
	objects = {

/* Begin PBXBuildFile section */
		3E015E8E24648D100089AB17 /* AppDelegate.swift in Sources */ = {isa = PBXBuildFile; fileRef = 3E015E8D24648D100089AB17 /* AppDelegate.swift */; };
		3E015E9024648D100089AB17 /* RegisterVc.swift in Sources */ = {isa = PBXBuildFile; fileRef = 3E015E8F24648D100089AB17 /* RegisterVc.swift */; };
		3E015E9324648D100089AB17 /* Main.storyboard in Resources */ = {isa = PBXBuildFile; fileRef = 3E015E9124648D100089AB17 /* Main.storyboard */; };
		3E015E9524648D1E0089AB17 /* Assets.xcassets in Resources */ = {isa = PBXBuildFile; fileRef = 3E015E9424648D1E0089AB17 /* Assets.xcassets */; };
		3E015E9824648D1E0089AB17 /* LaunchScreen.storyboard in Resources */ = {isa = PBXBuildFile; fileRef = 3E015E9624648D1E0089AB17 /* LaunchScreen.storyboard */; };
		3E015EA0246498650089AB17 /* LoginVc.swift in Sources */ = {isa = PBXBuildFile; fileRef = 3E015E9F246498650089AB17 /* LoginVc.swift */; };
		3E015EA22464B2150089AB17 /* Homevc.swift in Sources */ = {isa = PBXBuildFile; fileRef = 3E015EA12464B2150089AB17 /* Homevc.swift */; };
		3E015EA42464B8840089AB17 /* menuvc.swift in Sources */ = {isa = PBXBuildFile; fileRef = 3E015EA32464B8840089AB17 /* menuvc.swift */; };
		3E015EA62464BE1A0089AB17 /* TableViewCell.swift in Sources */ = {isa = PBXBuildFile; fileRef = 3E015EA52464BE1A0089AB17 /* TableViewCell.swift */; };
		BA5D1A9BAB46B11819E8158D /* Pods_loginAndReg.framework in Frameworks */ = {isa = PBXBuildFile; fileRef = 54D528047829E81EB8CEE2D9 /* Pods_loginAndReg.framework */; };
/* End PBXBuildFile section */

/* Begin PBXFileReference section */
		3E015E8A24648D100089AB17 /* loginAndReg.app */ = {isa = PBXFileReference; explicitFileType = wrapper.application; includeInIndex = 0; path = loginAndReg.app; sourceTree = BUILT_PRODUCTS_DIR; };
		3E015E8D24648D100089AB17 /* AppDelegate.swift */ = {isa = PBXFileReference; lastKnownFileType = sourcecode.swift; path = AppDelegate.swift; sourceTree = "<group>"; };
		3E015E8F24648D100089AB17 /* RegisterVc.swift */ = {isa = PBXFileReference; lastKnownFileType = sourcecode.swift; path = RegisterVc.swift; sourceTree = "<group>"; };
		3E015E9224648D100089AB17 /* Base */ = {isa = PBXFileReference; lastKnownFileType = file.storyboard; name = Base; path = Base.lproj/Main.storyboard; sourceTree = "<group>"; };
		3E015E9424648D1E0089AB17 /* Assets.xcassets */ = {isa = PBXFileReference; lastKnownFileType = folder.assetcatalog; path = Assets.xcassets; sourceTree = "<group>"; };
		3E015E9724648D1E0089AB17 /* Base */ = {isa = PBXFileReference; lastKnownFileType = file.storyboard; name = Base; path = Base.lproj/LaunchScreen.storyboard; sourceTree = "<group>"; };
		3E015E9924648D1E0089AB17 /* Info.plist */ = {isa = PBXFileReference; lastKnownFileType = text.plist.xml; path = Info.plist; sourceTree = "<group>"; };
		3E015E9F246498650089AB17 /* LoginVc.swift */ = {isa = PBXFileReference; lastKnownFileType = sourcecode.swift; path = LoginVc.swift; sourceTree = "<group>"; };
		3E015EA12464B2150089AB17 /* Homevc.swift */ = {isa = PBXFileReference; lastKnownFileType = sourcecode.swift; path = Homevc.swift; sourceTree = "<group>"; };
		3E015EA32464B8840089AB17 /* menuvc.swift */ = {isa = PBXFileReference; lastKnownFileType = sourcecode.swift; path = menuvc.swift; sourceTree = "<group>"; };
		3E015EA52464BE1A0089AB17 /* TableViewCell.swift */ = {isa = PBXFileReference; lastKnownFileType = sourcecode.swift; path = TableViewCell.swift; sourceTree = "<group>"; };
		54D528047829E81EB8CEE2D9 /* Pods_loginAndReg.framework */ = {isa = PBXFileReference; explicitFileType = wrapper.framework; includeInIndex = 0; path = Pods_loginAndReg.framework; sourceTree = BUILT_PRODUCTS_DIR; };
		A21B82313FC1169EF2F09714 /* Pods-loginAndReg.release.xcconfig */ = {isa = PBXFileReference; includeInIndex = 1; lastKnownFileType = text.xcconfig; name = "Pods-loginAndReg.release.xcconfig"; path = "Target Support Files/Pods-loginAndReg/Pods-loginAndReg.release.xcconfig"; sourceTree = "<group>"; };
		EAEF3432B41A31ECCECCA4B4 /* Pods-loginAndReg.debug.xcconfig */ = {isa = PBXFileReference; includeInIndex = 1; lastKnownFileType = text.xcconfig; name = "Pods-loginAndReg.debug.xcconfig"; path = "Target Support Files/Pods-loginAndReg/Pods-loginAndReg.debug.xcconfig"; sourceTree = "<group>"; };
/* End PBXFileReference section */

/* Begin PBXFrameworksBuildPhase section */
		3E015E8724648D100089AB17 /* Frameworks */ = {
			isa = PBXFrameworksBuildPhase;
			buildActionMask = 2147483647;
			files = (
				BA5D1A9BAB46B11819E8158D /* Pods_loginAndReg.framework in Frameworks */,
			);
			runOnlyForDeploymentPostprocessing = 0;
		};
/* End PBXFrameworksBuildPhase section */

/* Begin PBXGroup section */
		33D1C8F9A9939DCF776572FA /* Frameworks */ = {
			isa = PBXGroup;
			children = (
				54D528047829E81EB8CEE2D9 /* Pods_loginAndReg.framework */,
			);
			name = Frameworks;
			sourceTree = "<group>";
		};
		3E015E8124648D100089AB17 = {
			isa = PBXGroup;
			children = (
				3E015E8C24648D100089AB17 /* loginAndReg */,
				3E015E8B24648D100089AB17 /* Products */,
				FC2A3C9467F651DD33CF3B20 /* Pods */,
				33D1C8F9A9939DCF776572FA /* Frameworks */,
			);
			sourceTree = "<group>";
		};
		3E015E8B24648D100089AB17 /* Products */ = {
			isa = PBXGroup;
			children = (
				3E015E8A24648D100089AB17 /* loginAndReg.app */,
			);
			name = Products;
			sourceTree = "<group>";
		};
		3E015E8C24648D100089AB17 /* loginAndReg */ = {
			isa = PBXGroup;
			children = (
				3E015E8D24648D100089AB17 /* AppDelegate.swift */,
				3E015E8F24648D100089AB17 /* RegisterVc.swift */,
				3E015E9F246498650089AB17 /* LoginVc.swift */,
				3E015EA12464B2150089AB17 /* Homevc.swift */,
				3E015E9124648D100089AB17 /* Main.storyboard */,
				3E015E9424648D1E0089AB17 /* Assets.xcassets */,
				3E015E9624648D1E0089AB17 /* LaunchScreen.storyboard */,
				3E015E9924648D1E0089AB17 /* Info.plist */,
				3E015EA32464B8840089AB17 /* menuvc.swift */,
				3E015EA52464BE1A0089AB17 /* TableViewCell.swift */,
			);
			path = loginAndReg;
			sourceTree = "<group>";
		};
		FC2A3C9467F651DD33CF3B20 /* Pods */ = {
			isa = PBXGroup;
			children = (
				EAEF3432B41A31ECCECCA4B4 /* Pods-loginAndReg.debug.xcconfig */,
				A21B82313FC1169EF2F09714 /* Pods-loginAndReg.release.xcconfig */,
			);
			path = Pods;
			sourceTree = "<group>";
		};
/* End PBXGroup section */

/* Begin PBXNativeTarget section */
		3E015E8924648D100089AB17 /* loginAndReg */ = {
			isa = PBXNativeTarget;
			buildConfigurationList = 3E015E9C24648D1E0089AB17 /* Build configuration list for PBXNativeTarget "loginAndReg" */;
			buildPhases = (
				E86E04B4B5F6DE3C745CECF6 /* [CP] Check Pods Manifest.lock */,
				3E015E8624648D100089AB17 /* Sources */,
				3E015E8724648D100089AB17 /* Frameworks */,
				3E015E8824648D100089AB17 /* Resources */,
				EA8437E3EBC82D7DCD98DCC1 /* [CP] Embed Pods Frameworks */,
			);
			buildRules = (
			);
			dependencies = (
			);
			name = loginAndReg;
			productName = loginAndReg;
			productReference = 3E015E8A24648D100089AB17 /* loginAndReg.app */;
			productType = "com.apple.product-type.application";
		};
/* End PBXNativeTarget section */

/* Begin PBXProject section */
		3E015E8224648D100089AB17 /* Project object */ = {
			isa = PBXProject;
			attributes = {
				LastSwiftUpdateCheck = 0940;
				LastUpgradeCheck = 0940;
				ORGANIZATIONNAME = "Alaa Adel";
				TargetAttributes = {
					3E015E8924648D100089AB17 = {
						CreatedOnToolsVersion = 9.4.1;
					};
				};
			};
			buildConfigurationList = 3E015E8524648D100089AB17 /* Build configuration list for PBXProject "loginAndReg" */;
			compatibilityVersion = "Xcode 9.3";
			developmentRegion = en;
			hasScannedForEncodings = 0;
			knownRegions = (
				en,
				Base,
			);
			mainGroup = 3E015E8124648D100089AB17;
			productRefGroup = 3E015E8B24648D100089AB17 /* Products */;
			projectDirPath = "";
			projectRoot = "";
			targets = (
				3E015E8924648D100089AB17 /* loginAndReg */,
			);
		};
/* End PBXProject section */

/* Begin PBXResourcesBuildPhase section */
		3E015E8824648D100089AB17 /* Resources */ = {
			isa = PBXResourcesBuildPhase;
			buildActionMask = 2147483647;
			files = (
				3E015E9824648D1E0089AB17 /* LaunchScreen.storyboard in Resources */,
				3E015E9524648D1E0089AB17 /* Assets.xcassets in Resources */,
				3E015E9324648D100089AB17 /* Main.storyboard in Resources */,
			);
			runOnlyForDeploymentPostprocessing = 0;
		};
/* End PBXResourcesBuildPhase section */

/* Begin PBXShellScriptBuildPhase section */
		E86E04B4B5F6DE3C745CECF6 /* [CP] Check Pods Manifest.lock */ = {
			isa = PBXShellScriptBuildPhase;
			buildActionMask = 2147483647;
			files = (
			);
			inputPaths = (
				"${PODS_PODFILE_DIR_PATH}/Podfile.lock",
				"${PODS_ROOT}/Manifest.lock",
			);
			name = "[CP] Check Pods Manifest.lock";
			outputPaths = (
				"$(DERIVED_FILE_DIR)/Pods-loginAndReg-checkManifestLockResult.txt",
			);
			runOnlyForDeploymentPostprocessing = 0;
			shellPath = /bin/sh;
			shellScript = "diff \"${PODS_PODFILE_DIR_PATH}/Podfile.lock\" \"${PODS_ROOT}/Manifest.lock\" > /dev/null\nif [ $? != 0 ] ; then\n    # print error to STDERR\n    echo \"error: The sandbox is not in sync with the Podfile.lock. Run 'pod install' or update your CocoaPods installation.\" >&2\n    exit 1\nfi\n# This output is used by Xcode 'outputs' to avoid re-running this script phase.\necho \"SUCCESS\" > \"${SCRIPT_OUTPUT_FILE_0}\"\n";
			showEnvVarsInLog = 0;
		};
		EA8437E3EBC82D7DCD98DCC1 /* [CP] Embed Pods Frameworks */ = {
			isa = PBXShellScriptBuildPhase;
			buildActionMask = 2147483647;
			files = (
			);
			name = "[CP] Embed Pods Frameworks";
			runOnlyForDeploymentPostprocessing = 0;
			shellPath = /bin/sh;
			shellScript = "\"${PODS_ROOT}/Target Support Files/Pods-loginAndReg/Pods-loginAndReg-frameworks.sh\"\n";
			showEnvVarsInLog = 0;
		};
/* End PBXShellScriptBuildPhase section */

/* Begin PBXSourcesBuildPhase section */
		3E015E8624648D100089AB17 /* Sources */ = {
			isa = PBXSourcesBuildPhase;
			buildActionMask = 2147483647;
			files = (
				3E015E9024648D100089AB17 /* RegisterVc.swift in Sources */,
				3E015EA22464B2150089AB17 /* Homevc.swift in Sources */,
				3E015EA42464B8840089AB17 /* menuvc.swift in Sources */,
				3E015EA62464BE1A0089AB17 /* TableViewCell.swift in Sources */,
				3E015E8E24648D100089AB17 /* AppDelegate.swift in Sources */,
				3E015EA0246498650089AB17 /* LoginVc.swift in Sources */,
			);
			runOnlyForDeploymentPostprocessing = 0;
		};
/* End PBXSourcesBuildPhase section */

/* Begin PBXVariantGroup section */
		3E015E9124648D100089AB17 /* Main.storyboard */ = {
			isa = PBXVariantGroup;
			children = (
				3E015E9224648D100089AB17 /* Base */,
			);
			name = Main.storyboard;
			sourceTree = "<group>";
		};
		3E015E9624648D1E0089AB17 /* LaunchScreen.storyboard */ = {
			isa = PBXVariantGroup;
			children = (
				3E015E9724648D1E0089AB17 /* Base */,
			);
			name = LaunchScreen.storyboard;
			sourceTree = "<group>";
		};
/* End PBXVariantGroup section */

/* Begin XCBuildConfiguration section */
		3E015E9A24648D1E0089AB17 /* Debug */ = {
			isa = XCBuildConfiguration;
			buildSettings = {
				ALWAYS_SEARCH_USER_PATHS = NO;
				CLANG_ANALYZER_NONNULL = YES;
				CLANG_ANALYZER_NUMBER_OBJECT_CONVERSION = YES_AGGRESSIVE;
				CLANG_CXX_LANGUAGE_STANDARD = "gnu++14";
				CLANG_CXX_LIBRARY = "libc++";
				CLANG_ENABLE_MODULES = YES;
				CLANG_ENABLE_OBJC_ARC = YES;
				CLANG_ENABLE_OBJC_WEAK = YES;
				CLANG_WARN_BLOCK_CAPTURE_AUTORELEASING = YES;
				CLANG_WARN_BOOL_CONVERSION = YES;
				CLANG_WARN_COMMA = YES;
				CLANG_WARN_CONSTANT_CONVERSION = YES;
				CLANG_WARN_DEPRECATED_OBJC_IMPLEMENTATIONS = YES;
				CLANG_WARN_DIRECT_OBJC_ISA_USAGE = YES_ERROR;
				CLANG_WARN_DOCUMENTATION_COMMENTS = YES;
				CLANG_WARN_EMPTY_BODY = YES;
				CLANG_WARN_ENUM_CONVERSION = YES;
				CLANG_WARN_INFINITE_RECURSION = YES;
				CLANG_WARN_INT_CONVERSION = YES;
				CLANG_WARN_NON_LITERAL_NULL_CONVERSION = YES;
				CLANG_WARN_OBJC_IMPLICIT_RETAIN_SELF = YES;
				CLANG_WARN_OBJC_LITERAL_CONVERSION = YES;
				CLANG_WARN_OBJC_ROOT_CLASS = YES_ERROR;
				CLANG_WARN_RANGE_LOOP_ANALYSIS = YES;
				CLANG_WARN_STRICT_PROTOTYPES = YES;
				CLANG_WARN_SUSPICIOUS_MOVE = YES;
				CLANG_WARN_UNGUARDED_AVAILABILITY = YES_AGGRESSIVE;
				CLANG_WARN_UNREACHABLE_CODE = YES;
				CLANG_WARN__DUPLICATE_METHOD_MATCH = YES;
				CODE_SIGN_IDENTITY = "iPhone Developer";
				COPY_PHASE_STRIP = NO;
				DEBUG_INFORMATION_FORMAT = dwarf;
				ENABLE_STRICT_OBJC_MSGSEND = YES;
				ENABLE_TESTABILITY = YES;
				GCC_C_LANGUAGE_STANDARD = gnu11;
				GCC_DYNAMIC_NO_PIC = NO;
				GCC_NO_COMMON_BLOCKS = YES;
				GCC_OPTIMIZATION_LEVEL = 0;
				GCC_PREPROCESSOR_DEFINITIONS = (
					"DEBUG=1",
					"$(inherited)",
				);
				GCC_WARN_64_TO_32_BIT_CONVERSION = YES;
				GCC_WARN_ABOUT_RETURN_TYPE = YES_ERROR;
				GCC_WARN_UNDECLARED_SELECTOR = YES;
				GCC_WARN_UNINITIALIZED_AUTOS = YES_AGGRESSIVE;
				GCC_WARN_UNUSED_FUNCTION = YES;
				GCC_WARN_UNUSED_VARIABLE = YES;
				IPHONEOS_DEPLOYMENT_TARGET = 11.4;
				MTL_ENABLE_DEBUG_INFO = YES;
				ONLY_ACTIVE_ARCH = YES;
				SDKROOT = iphoneos;
				SWIFT_ACTIVE_COMPILATION_CONDITIONS = DEBUG;
				SWIFT_OPTIMIZATION_LEVEL = "-Onone";
			};
			name = Debug;
		};
		3E015E9B24648D1E0089AB17 /* Release */ = {
			isa = XCBuildConfiguration;
			buildSettings = {
				ALWAYS_SEARCH_USER_PATHS = NO;
				CLANG_ANALYZER_NONNULL = YES;
				CLANG_ANALYZER_NUMBER_OBJECT_CONVERSION = YES_AGGRESSIVE;
				CLANG_CXX_LANGUAGE_STANDARD = "gnu++14";
				CLANG_CXX_LIBRARY = "libc++";
				CLANG_ENABLE_MODULES = YES;
				CLANG_ENABLE_OBJC_ARC = YES;
				CLANG_ENABLE_OBJC_WEAK = YES;
				CLANG_WARN_BLOCK_CAPTURE_AUTORELEASING = YES;
				CLANG_WARN_BOOL_CONVERSION = YES;
				CLANG_WARN_COMMA = YES;
				CLANG_WARN_CONSTANT_CONVERSION = YES;
				CLANG_WARN_DEPRECATED_OBJC_IMPLEMENTATIONS = YES;
				CLANG_WARN_DIRECT_OBJC_ISA_USAGE = YES_ERROR;
				CLANG_WARN_DOCUMENTATION_COMMENTS = YES;
				CLANG_WARN_EMPTY_BODY = YES;
				CLANG_WARN_ENUM_CONVERSION = YES;
				CLANG_WARN_INFINITE_RECURSION = YES;
				CLANG_WARN_INT_CONVERSION = YES;
				CLANG_WARN_NON_LITERAL_NULL_CONVERSION = YES;
				CLANG_WARN_OBJC_IMPLICIT_RETAIN_SELF = YES;
				CLANG_WARN_OBJC_LITERAL_CONVERSION = YES;
				CLANG_WARN_OBJC_ROOT_CLASS = YES_ERROR;
				CLANG_WARN_RANGE_LOOP_ANALYSIS = YES;
				CLANG_WARN_STRICT_PROTOTYPES = YES;
				CLANG_WARN_SUSPICIOUS_MOVE = YES;
				CLANG_WARN_UNGUARDED_AVAILABILITY = YES_AGGRESSIVE;
				CLANG_WARN_UNREACHABLE_CODE = YES;
				CLANG_WARN__DUPLICATE_METHOD_MATCH = YES;
				CODE_SIGN_IDENTITY = "iPhone Developer";
				COPY_PHASE_STRIP = NO;
				DEBUG_INFORMATION_FORMAT = "dwarf-with-dsym";
				ENABLE_NS_ASSERTIONS = NO;
				ENABLE_STRICT_OBJC_MSGSEND = YES;
				GCC_C_LANGUAGE_STANDARD = gnu11;
				GCC_NO_COMMON_BLOCKS = YES;
				GCC_WARN_64_TO_32_BIT_CONVERSION = YES;
				GCC_WARN_ABOUT_RETURN_TYPE = YES_ERROR;
				GCC_WARN_UNDECLARED_SELECTOR = YES;
				GCC_WARN_UNINITIALIZED_AUTOS = YES_AGGRESSIVE;
				GCC_WARN_UNUSED_FUNCTION = YES;
				GCC_WARN_UNUSED_VARIABLE = YES;
				IPHONEOS_DEPLOYMENT_TARGET = 11.4;
				MTL_ENABLE_DEBUG_INFO = NO;
				SDKROOT = iphoneos;
				SWIFT_COMPILATION_MODE = wholemodule;
				SWIFT_OPTIMIZATION_LEVEL = "-O";
				VALIDATE_PRODUCT = YES;
			};
			name = Release;
		};
		3E015E9D24648D1E0089AB17 /* Debug */ = {
			isa = XCBuildConfiguration;
			baseConfigurationReference = EAEF3432B41A31ECCECCA4B4 /* Pods-loginAndReg.debug.xcconfig */;
			buildSettings = {
				ASSETCATALOG_COMPILER_APPICON_NAME = AppIcon;
				CODE_SIGN_STYLE = Automatic;
				INFOPLIST_FILE = loginAndReg/Info.plist;
				LD_RUNPATH_SEARCH_PATHS = (
					"$(inherited)",
					"@executable_path/Frameworks",
				);
				PRODUCT_BUNDLE_IDENTIFIER = alaa.adel.loginAndReg;
				PRODUCT_NAME = "$(TARGET_NAME)";
				SWIFT_VERSION = 4.0;
				TARGETED_DEVICE_FAMILY = "1,2";
			};
			name = Debug;
		};
		3E015E9E24648D1E0089AB17 /* Release */ = {
			isa = XCBuildConfiguration;
			baseConfigurationReference = A21B82313FC1169EF2F09714 /* Pods-loginAndReg.release.xcconfig */;
			buildSettings = {
				ASSETCATALOG_COMPILER_APPICON_NAME = AppIcon;
				CODE_SIGN_STYLE = Automatic;
				INFOPLIST_FILE = loginAndReg/Info.plist;
				LD_RUNPATH_SEARCH_PATHS = (
					"$(inherited)",
					"@executable_path/Frameworks",
				);
				PRODUCT_BUNDLE_IDENTIFIER = alaa.adel.loginAndReg;
				PRODUCT_NAME = "$(TARGET_NAME)";
				SWIFT_VERSION = 4.0;
				TARGETED_DEVICE_FAMILY = "1,2";
			};
			name = Release;
		};
/* End XCBuildConfiguration section */

/* Begin XCConfigurationList section */
		3E015E8524648D100089AB17 /* Build configuration list for PBXProject "loginAndReg" */ = {
			isa = XCConfigurationList;
			buildConfigurations = (
				3E015E9A24648D1E0089AB17 /* Debug */,
				3E015E9B24648D1E0089AB17 /* Release */,
			);
			defaultConfigurationIsVisible = 0;
			defaultConfigurationName = Release;
		};
		3E015E9C24648D1E0089AB17 /* Build configuration list for PBXNativeTarget "loginAndReg" */ = {
			isa = XCConfigurationList;
			buildConfigurations = (
				3E015E9D24648D1E0089AB17 /* Debug */,
				3E015E9E24648D1E0089AB17 /* Release */,
			);
			defaultConfigurationIsVisible = 0;
			defaultConfigurationName = Release;
		};
/* End XCConfigurationList section */
	};
	rootObject = 3E015E8224648D100089AB17 /* Project object */;
}
